// !$*UTF8*$!
{
	archiveVersion = 1;
	classes = {
	};
	objectVersion = 50;
	objects = {

/* Begin PBXBuildFile section */
		6331FBBA251ABC3200259023 /* String+Ext.swift in Sources */ = {isa = PBXBuildFile; fileRef = 6331FBB9251ABC3200259023 /* String+Ext.swift */; };
		6331FBBC251ABFA200259023 /* Date+Ext.swift in Sources */ = {isa = PBXBuildFile; fileRef = 6331FBBB251ABFA200259023 /* Date+Ext.swift */; };
		6331FBBE251AEF7400259023 /* Int+Ext.swift in Sources */ = {isa = PBXBuildFile; fileRef = 6331FBBD251AEF7400259023 /* Int+Ext.swift */; };
		6331FBC0251B13A100259023 /* DCCarDescriptionViewController.swift in Sources */ = {isa = PBXBuildFile; fileRef = 6331FBBF251B13A100259023 /* DCCarDescriptionViewController.swift */; };
		6331FBC3251B15CB00259023 /* DCTitleSubtitleAttributeView.swift in Sources */ = {isa = PBXBuildFile; fileRef = 6331FBC2251B15CB00259023 /* DCTitleSubtitleAttributeView.swift */; };
		6348E7CB251C5F8C008387E4 /* DCSellerDescriptionViewController.swift in Sources */ = {isa = PBXBuildFile; fileRef = 6348E7CA251C5F8C008387E4 /* DCSellerDescriptionViewController.swift */; };
		6348E7CE251CF525008387E4 /* DCAlertContainerView.swift in Sources */ = {isa = PBXBuildFile; fileRef = 6348E7CD251CF525008387E4 /* DCAlertContainerView.swift */; };
		6348E7D1251D2B82008387E4 /* DCDataLoadingViewController.swift in Sources */ = {isa = PBXBuildFile; fileRef = 6348E7D0251D2B82008387E4 /* DCDataLoadingViewController.swift */; };
		6348E7D3251D66A8008387E4 /* UIView+Ext.swift in Sources */ = {isa = PBXBuildFile; fileRef = 6348E7D2251D66A8008387E4 /* UIView+Ext.swift */; };
		6394574D250E9B8800661244 /* AppDelegate.swift in Sources */ = {isa = PBXBuildFile; fileRef = 6394574C250E9B8800661244 /* AppDelegate.swift */; };
		6394574F250E9B8800661244 /* SceneDelegate.swift in Sources */ = {isa = PBXBuildFile; fileRef = 6394574E250E9B8800661244 /* SceneDelegate.swift */; };
		63945751250E9B8800661244 /* SearchViewController.swift in Sources */ = {isa = PBXBuildFile; fileRef = 63945750250E9B8800661244 /* SearchViewController.swift */; };
		63945754250E9B8800661244 /* Main.storyboard in Resources */ = {isa = PBXBuildFile; fileRef = 63945752250E9B8800661244 /* Main.storyboard */; };
		63945756250E9B8B00661244 /* Assets.xcassets in Resources */ = {isa = PBXBuildFile; fileRef = 63945755250E9B8B00661244 /* Assets.xcassets */; };
		63945759250E9B8B00661244 /* LaunchScreen.storyboard in Resources */ = {isa = PBXBuildFile; fileRef = 63945757250E9B8B00661244 /* LaunchScreen.storyboard */; };
		63945764250E9B8B00661244 /* MeLiCarViewerTests.swift in Sources */ = {isa = PBXBuildFile; fileRef = 63945763250E9B8B00661244 /* MeLiCarViewerTests.swift */; };
		6394577A250EDE2900661244 /* Cars2ndLevelCategories.json in Resources */ = {isa = PBXBuildFile; fileRef = 63945773250EDE2900661244 /* Cars2ndLevelCategories.json */; };
		6394577B250EDE2900661244 /* CategoryCarrosYCamionetas.json in Resources */ = {isa = PBXBuildFile; fileRef = 63945774250EDE2900661244 /* CategoryCarrosYCamionetas.json */; };
		6394577C250EDE2900661244 /* SearchByCategory.json in Resources */ = {isa = PBXBuildFile; fileRef = 63945775250EDE2900661244 /* SearchByCategory.json */; };
		6394577D250EDE2900661244 /* SearchByModelAndCategory.json in Resources */ = {isa = PBXBuildFile; fileRef = 63945776250EDE2900661244 /* SearchByModelAndCategory.json */; };
		6394577E250EDE2900661244 /* PorscheModels.json in Resources */ = {isa = PBXBuildFile; fileRef = 63945777250EDE2900661244 /* PorscheModels.json */; };
		6394577F250EDE2900661244 /* CatalogDomainAttributes.json in Resources */ = {isa = PBXBuildFile; fileRef = 63945778250EDE2900661244 /* CatalogDomainAttributes.json */; };
		63945780250EDE2900661244 /* CategoryAttributes.json in Resources */ = {isa = PBXBuildFile; fileRef = 63945779250EDE2900661244 /* CategoryAttributes.json */; };
		63945782250EDF8200661244 /* CarModel.swift in Sources */ = {isa = PBXBuildFile; fileRef = 63945781250EDF8200661244 /* CarModel.swift */; };
		63945784250EE09600661244 /* DataLoader.swift in Sources */ = {isa = PBXBuildFile; fileRef = 63945783250EE09600661244 /* DataLoader.swift */; };
		63945786250EE63100661244 /* SearchController.swift in Sources */ = {isa = PBXBuildFile; fileRef = 63945785250EE63100661244 /* SearchController.swift */; };
		63D3C1082514717000B230D9 /* DCEmptyStateView.swift in Sources */ = {isa = PBXBuildFile; fileRef = 63D3C1072514717000B230D9 /* DCEmptyStateView.swift */; };
		63D3C10A25166B3800B230D9 /* CarDetailViewController.swift in Sources */ = {isa = PBXBuildFile; fileRef = 63D3C10925166B3800B230D9 /* CarDetailViewController.swift */; };
		63D3C10C25183ACE00B230D9 /* CarPicturesInformation.swift in Sources */ = {isa = PBXBuildFile; fileRef = 63D3C10B25183ACD00B230D9 /* CarPicturesInformation.swift */; };
		63D3C10E2519014A00B230D9 /* CarDetailController.swift in Sources */ = {isa = PBXBuildFile; fileRef = 63D3C10D2519014A00B230D9 /* CarDetailController.swift */; };
		63D3C11025192D5A00B230D9 /* ImageDownloadOperations.swift in Sources */ = {isa = PBXBuildFile; fileRef = 63D3C10F25192D5900B230D9 /* ImageDownloadOperations.swift */; };
		63D3C1162519B2A000B230D9 /* DCCarInfoHeaderViewController.swift in Sources */ = {isa = PBXBuildFile; fileRef = 63D3C1152519B2A000B230D9 /* DCCarInfoHeaderViewController.swift */; };
		63D3C1182519C03500B230D9 /* Constants.swift in Sources */ = {isa = PBXBuildFile; fileRef = 63D3C1172519C03500B230D9 /* Constants.swift */; };
		63DAE7702510264F00C64D83 /* CarResult.swift in Sources */ = {isa = PBXBuildFile; fileRef = 63DAE76F2510264F00C64D83 /* CarResult.swift */; };
		63DAE7722510668E00C64D83 /* CarResultsController.swift in Sources */ = {isa = PBXBuildFile; fileRef = 63DAE7712510668E00C64D83 /* CarResultsController.swift */; };
		63DAE7742510705100C64D83 /* CarResultsViewController.swift in Sources */ = {isa = PBXBuildFile; fileRef = 63DAE7732510705000C64D83 /* CarResultsViewController.swift */; };
		63DAE777251073C100C64D83 /* DCButton.swift in Sources */ = {isa = PBXBuildFile; fileRef = 63DAE776251073C100C64D83 /* DCButton.swift */; };
		63DAE77925107A4700C64D83 /* DCTextField.swift in Sources */ = {isa = PBXBuildFile; fileRef = 63DAE77825107A4700C64D83 /* DCTextField.swift */; };
		63DAE77E2511248700C64D83 /* DCError.swift in Sources */ = {isa = PBXBuildFile; fileRef = 63DAE77D2511248700C64D83 /* DCError.swift */; };
		63DAE78125113E4F00C64D83 /* CarViewCell.swift in Sources */ = {isa = PBXBuildFile; fileRef = 63DAE78025113E4E00C64D83 /* CarViewCell.swift */; };
		63DAE783251171B200C64D83 /* DCCarImageView.swift in Sources */ = {isa = PBXBuildFile; fileRef = 63DAE782251171B200C64D83 /* DCCarImageView.swift */; };
		63DAE785251305C100C64D83 /* DCTitleLabel.swift in Sources */ = {isa = PBXBuildFile; fileRef = 63DAE784251305C100C64D83 /* DCTitleLabel.swift */; };
		63DAE7872513076900C64D83 /* DCBodyLabel.swift in Sources */ = {isa = PBXBuildFile; fileRef = 63DAE7862513076900C64D83 /* DCBodyLabel.swift */; };
		63DAE7892513082800C64D83 /* DCAlertViewController.swift in Sources */ = {isa = PBXBuildFile; fileRef = 63DAE7882513082800C64D83 /* DCAlertViewController.swift */; };
		63DAE78B25130EE700C64D83 /* UIViewController+ShowAlert.swift in Sources */ = {isa = PBXBuildFile; fileRef = 63DAE78A25130EE700C64D83 /* UIViewController+ShowAlert.swift */; };
		63DAE78E251317D000C64D83 /* DCSubtitleLabel.swift in Sources */ = {isa = PBXBuildFile; fileRef = 63DAE78D251317D000C64D83 /* DCSubtitleLabel.swift */; };
		63DAE7902513267700C64D83 /* UIHelper.swift in Sources */ = {isa = PBXBuildFile; fileRef = 63DAE78F2513267700C64D83 /* UIHelper.swift */; };
/* End PBXBuildFile section */

/* Begin PBXContainerItemProxy section */
		63945760250E9B8B00661244 /* PBXContainerItemProxy */ = {
			isa = PBXContainerItemProxy;
			containerPortal = 63945741250E9B8800661244 /* Project object */;
			proxyType = 1;
			remoteGlobalIDString = 63945748250E9B8800661244;
			remoteInfo = MeLiCarViewer;
		};
/* End PBXContainerItemProxy section */

/* Begin PBXFileReference section */
		6331FBB9251ABC3200259023 /* String+Ext.swift */ = {isa = PBXFileReference; lastKnownFileType = sourcecode.swift; path = "String+Ext.swift"; sourceTree = "<group>"; };
		6331FBBB251ABFA200259023 /* Date+Ext.swift */ = {isa = PBXFileReference; lastKnownFileType = sourcecode.swift; path = "Date+Ext.swift"; sourceTree = "<group>"; };
		6331FBBD251AEF7400259023 /* Int+Ext.swift */ = {isa = PBXFileReference; lastKnownFileType = sourcecode.swift; path = "Int+Ext.swift"; sourceTree = "<group>"; };
		6331FBBF251B13A100259023 /* DCCarDescriptionViewController.swift */ = {isa = PBXFileReference; lastKnownFileType = sourcecode.swift; path = DCCarDescriptionViewController.swift; sourceTree = "<group>"; };
		6331FBC2251B15CB00259023 /* DCTitleSubtitleAttributeView.swift */ = {isa = PBXFileReference; lastKnownFileType = sourcecode.swift; path = DCTitleSubtitleAttributeView.swift; sourceTree = "<group>"; };
		6348E7CA251C5F8C008387E4 /* DCSellerDescriptionViewController.swift */ = {isa = PBXFileReference; lastKnownFileType = sourcecode.swift; path = DCSellerDescriptionViewController.swift; sourceTree = "<group>"; };
		6348E7CD251CF525008387E4 /* DCAlertContainerView.swift */ = {isa = PBXFileReference; lastKnownFileType = sourcecode.swift; path = DCAlertContainerView.swift; sourceTree = "<group>"; };
		6348E7D0251D2B82008387E4 /* DCDataLoadingViewController.swift */ = {isa = PBXFileReference; lastKnownFileType = sourcecode.swift; path = DCDataLoadingViewController.swift; sourceTree = "<group>"; };
		6348E7D2251D66A8008387E4 /* UIView+Ext.swift */ = {isa = PBXFileReference; lastKnownFileType = sourcecode.swift; path = "UIView+Ext.swift"; sourceTree = "<group>"; };
		63945749250E9B8800661244 /* MeLiCarViewer.app */ = {isa = PBXFileReference; explicitFileType = wrapper.application; includeInIndex = 0; path = MeLiCarViewer.app; sourceTree = BUILT_PRODUCTS_DIR; };
		6394574C250E9B8800661244 /* AppDelegate.swift */ = {isa = PBXFileReference; lastKnownFileType = sourcecode.swift; path = AppDelegate.swift; sourceTree = "<group>"; };
		6394574E250E9B8800661244 /* SceneDelegate.swift */ = {isa = PBXFileReference; lastKnownFileType = sourcecode.swift; path = SceneDelegate.swift; sourceTree = "<group>"; };
		63945750250E9B8800661244 /* SearchViewController.swift */ = {isa = PBXFileReference; lastKnownFileType = sourcecode.swift; path = SearchViewController.swift; sourceTree = "<group>"; };
		63945753250E9B8800661244 /* Base */ = {isa = PBXFileReference; lastKnownFileType = file.storyboard; name = Base; path = Base.lproj/Main.storyboard; sourceTree = "<group>"; };
		63945755250E9B8B00661244 /* Assets.xcassets */ = {isa = PBXFileReference; lastKnownFileType = folder.assetcatalog; path = Assets.xcassets; sourceTree = "<group>"; };
		63945758250E9B8B00661244 /* Base */ = {isa = PBXFileReference; lastKnownFileType = file.storyboard; name = Base; path = Base.lproj/LaunchScreen.storyboard; sourceTree = "<group>"; };
		6394575A250E9B8B00661244 /* Info.plist */ = {isa = PBXFileReference; lastKnownFileType = text.plist.xml; path = Info.plist; sourceTree = "<group>"; };
		6394575F250E9B8B00661244 /* MeLiCarViewerTests.xctest */ = {isa = PBXFileReference; explicitFileType = wrapper.cfbundle; includeInIndex = 0; path = MeLiCarViewerTests.xctest; sourceTree = BUILT_PRODUCTS_DIR; };
		63945763250E9B8B00661244 /* MeLiCarViewerTests.swift */ = {isa = PBXFileReference; lastKnownFileType = sourcecode.swift; path = MeLiCarViewerTests.swift; sourceTree = "<group>"; };
		63945765250E9B8B00661244 /* Info.plist */ = {isa = PBXFileReference; lastKnownFileType = text.plist.xml; path = Info.plist; sourceTree = "<group>"; };
		63945773250EDE2900661244 /* Cars2ndLevelCategories.json */ = {isa = PBXFileReference; fileEncoding = 4; lastKnownFileType = text.json; path = Cars2ndLevelCategories.json; sourceTree = "<group>"; };
		63945774250EDE2900661244 /* CategoryCarrosYCamionetas.json */ = {isa = PBXFileReference; fileEncoding = 4; lastKnownFileType = text.json; path = CategoryCarrosYCamionetas.json; sourceTree = "<group>"; };
		63945775250EDE2900661244 /* SearchByCategory.json */ = {isa = PBXFileReference; fileEncoding = 4; lastKnownFileType = text.json; path = SearchByCategory.json; sourceTree = "<group>"; };
		63945776250EDE2900661244 /* SearchByModelAndCategory.json */ = {isa = PBXFileReference; fileEncoding = 4; lastKnownFileType = text.json; path = SearchByModelAndCategory.json; sourceTree = "<group>"; };
		63945777250EDE2900661244 /* PorscheModels.json */ = {isa = PBXFileReference; fileEncoding = 4; lastKnownFileType = text.json; path = PorscheModels.json; sourceTree = "<group>"; };
		63945778250EDE2900661244 /* CatalogDomainAttributes.json */ = {isa = PBXFileReference; fileEncoding = 4; lastKnownFileType = text.json; path = CatalogDomainAttributes.json; sourceTree = "<group>"; };
		63945779250EDE2900661244 /* CategoryAttributes.json */ = {isa = PBXFileReference; fileEncoding = 4; lastKnownFileType = text.json; path = CategoryAttributes.json; sourceTree = "<group>"; };
		63945781250EDF8200661244 /* CarModel.swift */ = {isa = PBXFileReference; lastKnownFileType = sourcecode.swift; path = CarModel.swift; sourceTree = "<group>"; };
		63945783250EE09600661244 /* DataLoader.swift */ = {isa = PBXFileReference; lastKnownFileType = sourcecode.swift; path = DataLoader.swift; sourceTree = "<group>"; };
		63945785250EE63100661244 /* SearchController.swift */ = {isa = PBXFileReference; lastKnownFileType = sourcecode.swift; path = SearchController.swift; sourceTree = "<group>"; };
		63D3C1072514717000B230D9 /* DCEmptyStateView.swift */ = {isa = PBXFileReference; lastKnownFileType = sourcecode.swift; path = DCEmptyStateView.swift; sourceTree = "<group>"; };
		63D3C10925166B3800B230D9 /* CarDetailViewController.swift */ = {isa = PBXFileReference; lastKnownFileType = sourcecode.swift; path = CarDetailViewController.swift; sourceTree = "<group>"; };
		63D3C10B25183ACD00B230D9 /* CarPicturesInformation.swift */ = {isa = PBXFileReference; lastKnownFileType = sourcecode.swift; path = CarPicturesInformation.swift; sourceTree = "<group>"; };
		63D3C10D2519014A00B230D9 /* CarDetailController.swift */ = {isa = PBXFileReference; lastKnownFileType = sourcecode.swift; path = CarDetailController.swift; sourceTree = "<group>"; };
		63D3C10F25192D5900B230D9 /* ImageDownloadOperations.swift */ = {isa = PBXFileReference; lastKnownFileType = sourcecode.swift; path = ImageDownloadOperations.swift; sourceTree = "<group>"; };
		63D3C1152519B2A000B230D9 /* DCCarInfoHeaderViewController.swift */ = {isa = PBXFileReference; lastKnownFileType = sourcecode.swift; path = DCCarInfoHeaderViewController.swift; sourceTree = "<group>"; };
		63D3C1172519C03500B230D9 /* Constants.swift */ = {isa = PBXFileReference; lastKnownFileType = sourcecode.swift; path = Constants.swift; sourceTree = "<group>"; };
		63DAE76F2510264F00C64D83 /* CarResult.swift */ = {isa = PBXFileReference; lastKnownFileType = sourcecode.swift; path = CarResult.swift; sourceTree = "<group>"; };
		63DAE7712510668E00C64D83 /* CarResultsController.swift */ = {isa = PBXFileReference; lastKnownFileType = sourcecode.swift; path = CarResultsController.swift; sourceTree = "<group>"; };
		63DAE7732510705000C64D83 /* CarResultsViewController.swift */ = {isa = PBXFileReference; lastKnownFileType = sourcecode.swift; path = CarResultsViewController.swift; sourceTree = "<group>"; };
		63DAE776251073C100C64D83 /* DCButton.swift */ = {isa = PBXFileReference; lastKnownFileType = sourcecode.swift; path = DCButton.swift; sourceTree = "<group>"; };
		63DAE77825107A4700C64D83 /* DCTextField.swift */ = {isa = PBXFileReference; lastKnownFileType = sourcecode.swift; path = DCTextField.swift; sourceTree = "<group>"; };
		63DAE77D2511248700C64D83 /* DCError.swift */ = {isa = PBXFileReference; fileEncoding = 4; lastKnownFileType = sourcecode.swift; path = DCError.swift; sourceTree = "<group>"; };
		63DAE78025113E4E00C64D83 /* CarViewCell.swift */ = {isa = PBXFileReference; lastKnownFileType = sourcecode.swift; path = CarViewCell.swift; sourceTree = "<group>"; };
		63DAE782251171B200C64D83 /* DCCarImageView.swift */ = {isa = PBXFileReference; lastKnownFileType = sourcecode.swift; path = DCCarImageView.swift; sourceTree = "<group>"; };
		63DAE784251305C100C64D83 /* DCTitleLabel.swift */ = {isa = PBXFileReference; lastKnownFileType = sourcecode.swift; path = DCTitleLabel.swift; sourceTree = "<group>"; };
		63DAE7862513076900C64D83 /* DCBodyLabel.swift */ = {isa = PBXFileReference; lastKnownFileType = sourcecode.swift; path = DCBodyLabel.swift; sourceTree = "<group>"; };
		63DAE7882513082800C64D83 /* DCAlertViewController.swift */ = {isa = PBXFileReference; lastKnownFileType = sourcecode.swift; path = DCAlertViewController.swift; sourceTree = "<group>"; };
		63DAE78A25130EE700C64D83 /* UIViewController+ShowAlert.swift */ = {isa = PBXFileReference; lastKnownFileType = sourcecode.swift; path = "UIViewController+ShowAlert.swift"; sourceTree = "<group>"; };
		63DAE78D251317D000C64D83 /* DCSubtitleLabel.swift */ = {isa = PBXFileReference; lastKnownFileType = sourcecode.swift; path = DCSubtitleLabel.swift; sourceTree = "<group>"; };
		63DAE78F2513267700C64D83 /* UIHelper.swift */ = {isa = PBXFileReference; lastKnownFileType = sourcecode.swift; path = UIHelper.swift; sourceTree = "<group>"; };
/* End PBXFileReference section */

/* Begin PBXFrameworksBuildPhase section */
		63945746250E9B8800661244 /* Frameworks */ = {
			isa = PBXFrameworksBuildPhase;
			buildActionMask = 2147483647;
			files = (
			);
			runOnlyForDeploymentPostprocessing = 0;
		};
		6394575C250E9B8B00661244 /* Frameworks */ = {
			isa = PBXFrameworksBuildPhase;
			buildActionMask = 2147483647;
			files = (
			);
			runOnlyForDeploymentPostprocessing = 0;
		};
/* End PBXFrameworksBuildPhase section */

/* Begin PBXGroup section */
		6331FBB8251ABB7D00259023 /* Extensions */ = {
			isa = PBXGroup;
			children = (
				6331FBBB251ABFA200259023 /* Date+Ext.swift */,
				6331FBBD251AEF7400259023 /* Int+Ext.swift */,
				6331FBB9251ABC3200259023 /* String+Ext.swift */,
				63DAE78A25130EE700C64D83 /* UIViewController+ShowAlert.swift */,
				6348E7D2251D66A8008387E4 /* UIView+Ext.swift */,
			);
			path = Extensions;
			sourceTree = "<group>";
		};
		6331FBC1251B157600259023 /* CarDescription */ = {
			isa = PBXGroup;
			children = (
				6331FBBF251B13A100259023 /* DCCarDescriptionViewController.swift */,
				6331FBC2251B15CB00259023 /* DCTitleSubtitleAttributeView.swift */,
			);
			path = CarDescription;
			sourceTree = "<group>";
		};
		6348E7C8251C5F2A008387E4 /* SellerDescription */ = {
			isa = PBXGroup;
			children = (
				6348E7CA251C5F8C008387E4 /* DCSellerDescriptionViewController.swift */,
			);
			path = SellerDescription;
			sourceTree = "<group>";
		};
		6348E7C9251C5F45008387E4 /* CarInfoHeader */ = {
			isa = PBXGroup;
			children = (
				63D3C1152519B2A000B230D9 /* DCCarInfoHeaderViewController.swift */,
			);
			path = CarInfoHeader;
			sourceTree = "<group>";
		};
		6348E7CC251CF4FD008387E4 /* Views */ = {
			isa = PBXGroup;
			children = (
				6348E7CD251CF525008387E4 /* DCAlertContainerView.swift */,
			);
			path = Views;
			sourceTree = "<group>";
		};
		6348E7CF251D2B4F008387E4 /* ViewControllers */ = {
			isa = PBXGroup;
			children = (
				6348E7D0251D2B82008387E4 /* DCDataLoadingViewController.swift */,
			);
			path = ViewControllers;
			sourceTree = "<group>";
		};
		63945740250E9B8800661244 = {
			isa = PBXGroup;
			children = (
				6394574B250E9B8800661244 /* MeLiCarViewer */,
				63945762250E9B8B00661244 /* MeLiCarViewerTests */,
				6394574A250E9B8800661244 /* Products */,
			);
			sourceTree = "<group>";
		};
		6394574A250E9B8800661244 /* Products */ = {
			isa = PBXGroup;
			children = (
				63945749250E9B8800661244 /* MeLiCarViewer.app */,
				6394575F250E9B8B00661244 /* MeLiCarViewerTests.xctest */,
			);
			name = Products;
			sourceTree = "<group>";
		};
		6394574B250E9B8800661244 /* MeLiCarViewer */ = {
			isa = PBXGroup;
			children = (
				63945770250E9BBF00661244 /* Models */,
				6394576F250E9BB600661244 /* Views */,
				6394576E250E9BA200661244 /* Controllers */,
				6331FBB8251ABB7D00259023 /* Extensions */,
				63DAE77C2511233900C64D83 /* Utilities */,
				6394574C250E9B8800661244 /* AppDelegate.swift */,
				6394574E250E9B8800661244 /* SceneDelegate.swift */,
				63945755250E9B8B00661244 /* Assets.xcassets */,
				63945757250E9B8B00661244 /* LaunchScreen.storyboard */,
				6394575A250E9B8B00661244 /* Info.plist */,
			);
			path = MeLiCarViewer;
			sourceTree = "<group>";
		};
		63945762250E9B8B00661244 /* MeLiCarViewerTests */ = {
			isa = PBXGroup;
			children = (
				63945763250E9B8B00661244 /* MeLiCarViewerTests.swift */,
				63945765250E9B8B00661244 /* Info.plist */,
			);
			path = MeLiCarViewerTests;
			sourceTree = "<group>";
		};
		6394576E250E9BA200661244 /* Controllers */ = {
			isa = PBXGroup;
			children = (
				63945785250EE63100661244 /* SearchController.swift */,
				63DAE7712510668E00C64D83 /* CarResultsController.swift */,
				63D3C10D2519014A00B230D9 /* CarDetailController.swift */,
			);
			path = Controllers;
			sourceTree = "<group>";
		};
		6394576F250E9BB600661244 /* Views */ = {
			isa = PBXGroup;
			children = (
				63D3C1132519B04B00B230D9 /* SearchViewController */,
				63D3C1122519AFD400B230D9 /* CarResultsViewController */,
				63D3C1112519AF3B00B230D9 /* CarDetailViewController */,
				63DAE775251073A300C64D83 /* CustomViews */,
				63945752250E9B8800661244 /* Main.storyboard */,
			);
			path = Views;
			sourceTree = "<group>";
		};
		63945770250E9BBF00661244 /* Models */ = {
			isa = PBXGroup;
			children = (
				63945772250E9C2300661244 /* JSON */,
				63945771250E9C0B00661244 /* DataLoaders */,
				63945781250EDF8200661244 /* CarModel.swift */,
				63DAE76F2510264F00C64D83 /* CarResult.swift */,
				63D3C10B25183ACD00B230D9 /* CarPicturesInformation.swift */,
			);
			path = Models;
			sourceTree = "<group>";
		};
		63945771250E9C0B00661244 /* DataLoaders */ = {
			isa = PBXGroup;
			children = (
				63945783250EE09600661244 /* DataLoader.swift */,
				63D3C10F25192D5900B230D9 /* ImageDownloadOperations.swift */,
			);
			path = DataLoaders;
			sourceTree = "<group>";
		};
		63945772250E9C2300661244 /* JSON */ = {
			isa = PBXGroup;
			children = (
				63945773250EDE2900661244 /* Cars2ndLevelCategories.json */,
				63945778250EDE2900661244 /* CatalogDomainAttributes.json */,
				63945779250EDE2900661244 /* CategoryAttributes.json */,
				63945774250EDE2900661244 /* CategoryCarrosYCamionetas.json */,
				63945777250EDE2900661244 /* PorscheModels.json */,
				63945775250EDE2900661244 /* SearchByCategory.json */,
				63945776250EDE2900661244 /* SearchByModelAndCategory.json */,
			);
			path = JSON;
			sourceTree = "<group>";
		};
		63D3C1052514703F00B230D9 /* Labels */ = {
			isa = PBXGroup;
			children = (
				63DAE784251305C100C64D83 /* DCTitleLabel.swift */,
				63DAE78D251317D000C64D83 /* DCSubtitleLabel.swift */,
				63DAE7862513076900C64D83 /* DCBodyLabel.swift */,
			);
			path = Labels;
			sourceTree = "<group>";
		};
		63D3C1062514711B00B230D9 /* Views */ = {
			isa = PBXGroup;
			children = (
				63D3C1072514717000B230D9 /* DCEmptyStateView.swift */,
			);
			path = Views;
			sourceTree = "<group>";
		};
		63D3C1112519AF3B00B230D9 /* CarDetailViewController */ = {
			isa = PBXGroup;
			children = (
				63D3C1142519B13900B230D9 /* ContainerViewControllers */,
				63D3C10925166B3800B230D9 /* CarDetailViewController.swift */,
			);
			path = CarDetailViewController;
			sourceTree = "<group>";
		};
		63D3C1122519AFD400B230D9 /* CarResultsViewController */ = {
			isa = PBXGroup;
			children = (
				63DAE77F25113E0700C64D83 /* Cells */,
				63DAE7732510705000C64D83 /* CarResultsViewController.swift */,
			);
			path = CarResultsViewController;
			sourceTree = "<group>";
		};
		63D3C1132519B04B00B230D9 /* SearchViewController */ = {
			isa = PBXGroup;
			children = (
				63945750250E9B8800661244 /* SearchViewController.swift */,
				63DAE77825107A4700C64D83 /* DCTextField.swift */,
			);
			path = SearchViewController;
			sourceTree = "<group>";
		};
		63D3C1142519B13900B230D9 /* ContainerViewControllers */ = {
			isa = PBXGroup;
			children = (
				6348E7C9251C5F45008387E4 /* CarInfoHeader */,
				6331FBC1251B157600259023 /* CarDescription */,
				6348E7C8251C5F2A008387E4 /* SellerDescription */,
			);
			path = ContainerViewControllers;
			sourceTree = "<group>";
		};
		63DAE775251073A300C64D83 /* CustomViews */ = {
			isa = PBXGroup;
			children = (
				6348E7CF251D2B4F008387E4 /* ViewControllers */,
				63DAE78C251311C700C64D83 /* CustomAlert */,
				63D3C1062514711B00B230D9 /* Views */,
				63DAE776251073C100C64D83 /* DCButton.swift */,
			);
			path = CustomViews;
			sourceTree = "<group>";
		};
		63DAE77C2511233900C64D83 /* Utilities */ = {
			isa = PBXGroup;
			children = (
				63DAE77D2511248700C64D83 /* DCError.swift */,
				63DAE78F2513267700C64D83 /* UIHelper.swift */,
				63D3C1172519C03500B230D9 /* Constants.swift */,
			);
			path = Utilities;
			sourceTree = "<group>";
		};
		63DAE77F25113E0700C64D83 /* Cells */ = {
			isa = PBXGroup;
			children = (
				63DAE782251171B200C64D83 /* DCCarImageView.swift */,
				63DAE78025113E4E00C64D83 /* CarViewCell.swift */,
			);
			path = Cells;
			sourceTree = "<group>";
		};
		63DAE78C251311C700C64D83 /* CustomAlert */ = {
			isa = PBXGroup;
			children = (
				63D3C1052514703F00B230D9 /* Labels */,
				6348E7CC251CF4FD008387E4 /* Views */,
				63DAE7882513082800C64D83 /* DCAlertViewController.swift */,
			);
			path = CustomAlert;
			sourceTree = "<group>";
		};
/* End PBXGroup section */

/* Begin PBXNativeTarget section */
		63945748250E9B8800661244 /* MeLiCarViewer */ = {
			isa = PBXNativeTarget;
			buildConfigurationList = 63945768250E9B8B00661244 /* Build configuration list for PBXNativeTarget "MeLiCarViewer" */;
			buildPhases = (
				63945745250E9B8800661244 /* Sources */,
				63945746250E9B8800661244 /* Frameworks */,
				63945747250E9B8800661244 /* Resources */,
			);
			buildRules = (
			);
			dependencies = (
			);
			name = MeLiCarViewer;
			productName = MeLiCarViewer;
			productReference = 63945749250E9B8800661244 /* MeLiCarViewer.app */;
			productType = "com.apple.product-type.application";
		};
		6394575E250E9B8B00661244 /* MeLiCarViewerTests */ = {
			isa = PBXNativeTarget;
			buildConfigurationList = 6394576B250E9B8B00661244 /* Build configuration list for PBXNativeTarget "MeLiCarViewerTests" */;
			buildPhases = (
				6394575B250E9B8B00661244 /* Sources */,
				6394575C250E9B8B00661244 /* Frameworks */,
				6394575D250E9B8B00661244 /* Resources */,
			);
			buildRules = (
			);
			dependencies = (
				63945761250E9B8B00661244 /* PBXTargetDependency */,
			);
			name = MeLiCarViewerTests;
			productName = MeLiCarViewerTests;
			productReference = 6394575F250E9B8B00661244 /* MeLiCarViewerTests.xctest */;
			productType = "com.apple.product-type.bundle.unit-test";
		};
/* End PBXNativeTarget section */

/* Begin PBXProject section */
		63945741250E9B8800661244 /* Project object */ = {
			isa = PBXProject;
			attributes = {
				LastSwiftUpdateCheck = 1160;
				LastUpgradeCheck = 1160;
				ORGANIZATIONNAME = "David A Cespedes R";
				TargetAttributes = {
					63945748250E9B8800661244 = {
						CreatedOnToolsVersion = 11.6;
					};
					6394575E250E9B8B00661244 = {
						CreatedOnToolsVersion = 11.6;
						TestTargetID = 63945748250E9B8800661244;
					};
				};
			};
			buildConfigurationList = 63945744250E9B8800661244 /* Build configuration list for PBXProject "MeLiCarViewer" */;
			compatibilityVersion = "Xcode 9.3";
			developmentRegion = en;
			hasScannedForEncodings = 0;
			knownRegions = (
				en,
				Base,
			);
			mainGroup = 63945740250E9B8800661244;
			productRefGroup = 6394574A250E9B8800661244 /* Products */;
			projectDirPath = "";
			projectRoot = "";
			targets = (
				63945748250E9B8800661244 /* MeLiCarViewer */,
				6394575E250E9B8B00661244 /* MeLiCarViewerTests */,
			);
		};
/* End PBXProject section */

/* Begin PBXResourcesBuildPhase section */
		63945747250E9B8800661244 /* Resources */ = {
			isa = PBXResourcesBuildPhase;
			buildActionMask = 2147483647;
			files = (
				6394577F250EDE2900661244 /* CatalogDomainAttributes.json in Resources */,
				6394577B250EDE2900661244 /* CategoryCarrosYCamionetas.json in Resources */,
				63945759250E9B8B00661244 /* LaunchScreen.storyboard in Resources */,
				6394577E250EDE2900661244 /* PorscheModels.json in Resources */,
				63945756250E9B8B00661244 /* Assets.xcassets in Resources */,
				6394577D250EDE2900661244 /* SearchByModelAndCategory.json in Resources */,
				6394577A250EDE2900661244 /* Cars2ndLevelCategories.json in Resources */,
				6394577C250EDE2900661244 /* SearchByCategory.json in Resources */,
				63945780250EDE2900661244 /* CategoryAttributes.json in Resources */,
				63945754250E9B8800661244 /* Main.storyboard in Resources */,
			);
			runOnlyForDeploymentPostprocessing = 0;
		};
		6394575D250E9B8B00661244 /* Resources */ = {
			isa = PBXResourcesBuildPhase;
			buildActionMask = 2147483647;
			files = (
			);
			runOnlyForDeploymentPostprocessing = 0;
		};
/* End PBXResourcesBuildPhase section */

/* Begin PBXSourcesBuildPhase section */
		63945745250E9B8800661244 /* Sources */ = {
			isa = PBXSourcesBuildPhase;
			buildActionMask = 2147483647;
			files = (
				63D3C10C25183ACE00B230D9 /* CarPicturesInformation.swift in Sources */,
				63D3C10E2519014A00B230D9 /* CarDetailController.swift in Sources */,
				63D3C10A25166B3800B230D9 /* CarDetailViewController.swift in Sources */,
				63945784250EE09600661244 /* DataLoader.swift in Sources */,
				6348E7D1251D2B82008387E4 /* DCDataLoadingViewController.swift in Sources */,
				6348E7CE251CF525008387E4 /* DCAlertContainerView.swift in Sources */,
				63DAE7872513076900C64D83 /* DCBodyLabel.swift in Sources */,
				6331FBC3251B15CB00259023 /* DCTitleSubtitleAttributeView.swift in Sources */,
				6331FBBE251AEF7400259023 /* Int+Ext.swift in Sources */,
				63DAE7722510668E00C64D83 /* CarResultsController.swift in Sources */,
				63DAE7902513267700C64D83 /* UIHelper.swift in Sources */,
				63945786250EE63100661244 /* SearchController.swift in Sources */,
				63945782250EDF8200661244 /* CarModel.swift in Sources */,
				63DAE78125113E4F00C64D83 /* CarViewCell.swift in Sources */,
				63945751250E9B8800661244 /* SearchViewController.swift in Sources */,
				63D3C1162519B2A000B230D9 /* DCCarInfoHeaderViewController.swift in Sources */,
				63D3C11025192D5A00B230D9 /* ImageDownloadOperations.swift in Sources */,
				63DAE783251171B200C64D83 /* DCCarImageView.swift in Sources */,
				63D3C1082514717000B230D9 /* DCEmptyStateView.swift in Sources */,
				6331FBC0251B13A100259023 /* DCCarDescriptionViewController.swift in Sources */,
				63DAE78B25130EE700C64D83 /* UIViewController+ShowAlert.swift in Sources */,
				6348E7CB251C5F8C008387E4 /* DCSellerDescriptionViewController.swift in Sources */,
				6394574D250E9B8800661244 /* AppDelegate.swift in Sources */,
				63DAE7702510264F00C64D83 /* CarResult.swift in Sources */,
				63DAE785251305C100C64D83 /* DCTitleLabel.swift in Sources */,
				63DAE78E251317D000C64D83 /* DCSubtitleLabel.swift in Sources */,
				63DAE77925107A4700C64D83 /* DCTextField.swift in Sources */,
				63DAE7742510705100C64D83 /* CarResultsViewController.swift in Sources */,
				6331FBBA251ABC3200259023 /* String+Ext.swift in Sources */,
				6331FBBC251ABFA200259023 /* Date+Ext.swift in Sources */,
				63DAE77E2511248700C64D83 /* DCError.swift in Sources */,
				63DAE7892513082800C64D83 /* DCAlertViewController.swift in Sources */,
				6348E7D3251D66A8008387E4 /* UIView+Ext.swift in Sources */,
				63DAE777251073C100C64D83 /* DCButton.swift in Sources */,
				6394574F250E9B8800661244 /* SceneDelegate.swift in Sources */,
				63D3C1182519C03500B230D9 /* Constants.swift in Sources */,
			);
			runOnlyForDeploymentPostprocessing = 0;
		};
		6394575B250E9B8B00661244 /* Sources */ = {
			isa = PBXSourcesBuildPhase;
			buildActionMask = 2147483647;
			files = (
				63945764250E9B8B00661244 /* MeLiCarViewerTests.swift in Sources */,
			);
			runOnlyForDeploymentPostprocessing = 0;
		};
/* End PBXSourcesBuildPhase section */

/* Begin PBXTargetDependency section */
		63945761250E9B8B00661244 /* PBXTargetDependency */ = {
			isa = PBXTargetDependency;
			target = 63945748250E9B8800661244 /* MeLiCarViewer */;
			targetProxy = 63945760250E9B8B00661244 /* PBXContainerItemProxy */;
		};
/* End PBXTargetDependency section */

/* Begin PBXVariantGroup section */
		63945752250E9B8800661244 /* Main.storyboard */ = {
			isa = PBXVariantGroup;
			children = (
				63945753250E9B8800661244 /* Base */,
			);
			name = Main.storyboard;
			sourceTree = "<group>";
		};
		63945757250E9B8B00661244 /* LaunchScreen.storyboard */ = {
			isa = PBXVariantGroup;
			children = (
				63945758250E9B8B00661244 /* Base */,
			);
			name = LaunchScreen.storyboard;
			sourceTree = "<group>";
		};
/* End PBXVariantGroup section */

/* Begin XCBuildConfiguration section */
		63945766250E9B8B00661244 /* Debug */ = {
			isa = XCBuildConfiguration;
			buildSettings = {
				ALWAYS_SEARCH_USER_PATHS = NO;
				CLANG_ANALYZER_NONNULL = YES;
				CLANG_ANALYZER_NUMBER_OBJECT_CONVERSION = YES_AGGRESSIVE;
				CLANG_CXX_LANGUAGE_STANDARD = "gnu++14";
				CLANG_CXX_LIBRARY = "libc++";
				CLANG_ENABLE_MODULES = YES;
				CLANG_ENABLE_OBJC_ARC = YES;
				CLANG_ENABLE_OBJC_WEAK = YES;
				CLANG_WARN_BLOCK_CAPTURE_AUTORELEASING = YES;
				CLANG_WARN_BOOL_CONVERSION = YES;
				CLANG_WARN_COMMA = YES;
				CLANG_WARN_CONSTANT_CONVERSION = YES;
				CLANG_WARN_DEPRECATED_OBJC_IMPLEMENTATIONS = YES;
				CLANG_WARN_DIRECT_OBJC_ISA_USAGE = YES_ERROR;
				CLANG_WARN_DOCUMENTATION_COMMENTS = YES;
				CLANG_WARN_EMPTY_BODY = YES;
				CLANG_WARN_ENUM_CONVERSION = YES;
				CLANG_WARN_INFINITE_RECURSION = YES;
				CLANG_WARN_INT_CONVERSION = YES;
				CLANG_WARN_NON_LITERAL_NULL_CONVERSION = YES;
				CLANG_WARN_OBJC_IMPLICIT_RETAIN_SELF = YES;
				CLANG_WARN_OBJC_LITERAL_CONVERSION = YES;
				CLANG_WARN_OBJC_ROOT_CLASS = YES_ERROR;
				CLANG_WARN_RANGE_LOOP_ANALYSIS = YES;
				CLANG_WARN_STRICT_PROTOTYPES = YES;
				CLANG_WARN_SUSPICIOUS_MOVE = YES;
				CLANG_WARN_UNGUARDED_AVAILABILITY = YES_AGGRESSIVE;
				CLANG_WARN_UNREACHABLE_CODE = YES;
				CLANG_WARN__DUPLICATE_METHOD_MATCH = YES;
				COPY_PHASE_STRIP = NO;
				DEBUG_INFORMATION_FORMAT = dwarf;
				ENABLE_STRICT_OBJC_MSGSEND = YES;
				ENABLE_TESTABILITY = YES;
				GCC_C_LANGUAGE_STANDARD = gnu11;
				GCC_DYNAMIC_NO_PIC = NO;
				GCC_NO_COMMON_BLOCKS = YES;
				GCC_OPTIMIZATION_LEVEL = 0;
				GCC_PREPROCESSOR_DEFINITIONS = (
					"DEBUG=1",
					"$(inherited)",
				);
				GCC_WARN_64_TO_32_BIT_CONVERSION = YES;
				GCC_WARN_ABOUT_RETURN_TYPE = YES_ERROR;
				GCC_WARN_UNDECLARED_SELECTOR = YES;
				GCC_WARN_UNINITIALIZED_AUTOS = YES_AGGRESSIVE;
				GCC_WARN_UNUSED_FUNCTION = YES;
				GCC_WARN_UNUSED_VARIABLE = YES;
				IPHONEOS_DEPLOYMENT_TARGET = 13.0;
				MTL_ENABLE_DEBUG_INFO = INCLUDE_SOURCE;
				MTL_FAST_MATH = YES;
				ONLY_ACTIVE_ARCH = YES;
				SDKROOT = iphoneos;
				SWIFT_ACTIVE_COMPILATION_CONDITIONS = DEBUG;
				SWIFT_OPTIMIZATION_LEVEL = "-Onone";
			};
			name = Debug;
		};
		63945767250E9B8B00661244 /* Release */ = {
			isa = XCBuildConfiguration;
			buildSettings = {
				ALWAYS_SEARCH_USER_PATHS = NO;
				CLANG_ANALYZER_NONNULL = YES;
				CLANG_ANALYZER_NUMBER_OBJECT_CONVERSION = YES_AGGRESSIVE;
				CLANG_CXX_LANGUAGE_STANDARD = "gnu++14";
				CLANG_CXX_LIBRARY = "libc++";
				CLANG_ENABLE_MODULES = YES;
				CLANG_ENABLE_OBJC_ARC = YES;
				CLANG_ENABLE_OBJC_WEAK = YES;
				CLANG_WARN_BLOCK_CAPTURE_AUTORELEASING = YES;
				CLANG_WARN_BOOL_CONVERSION = YES;
				CLANG_WARN_COMMA = YES;
				CLANG_WARN_CONSTANT_CONVERSION = YES;
				CLANG_WARN_DEPRECATED_OBJC_IMPLEMENTATIONS = YES;
				CLANG_WARN_DIRECT_OBJC_ISA_USAGE = YES_ERROR;
				CLANG_WARN_DOCUMENTATION_COMMENTS = YES;
				CLANG_WARN_EMPTY_BODY = YES;
				CLANG_WARN_ENUM_CONVERSION = YES;
				CLANG_WARN_INFINITE_RECURSION = YES;
				CLANG_WARN_INT_CONVERSION = YES;
				CLANG_WARN_NON_LITERAL_NULL_CONVERSION = YES;
				CLANG_WARN_OBJC_IMPLICIT_RETAIN_SELF = YES;
				CLANG_WARN_OBJC_LITERAL_CONVERSION = YES;
				CLANG_WARN_OBJC_ROOT_CLASS = YES_ERROR;
				CLANG_WARN_RANGE_LOOP_ANALYSIS = YES;
				CLANG_WARN_STRICT_PROTOTYPES = YES;
				CLANG_WARN_SUSPICIOUS_MOVE = YES;
				CLANG_WARN_UNGUARDED_AVAILABILITY = YES_AGGRESSIVE;
				CLANG_WARN_UNREACHABLE_CODE = YES;
				CLANG_WARN__DUPLICATE_METHOD_MATCH = YES;
				COPY_PHASE_STRIP = NO;
				DEBUG_INFORMATION_FORMAT = "dwarf-with-dsym";
				ENABLE_NS_ASSERTIONS = NO;
				ENABLE_STRICT_OBJC_MSGSEND = YES;
				GCC_C_LANGUAGE_STANDARD = gnu11;
				GCC_NO_COMMON_BLOCKS = YES;
				GCC_WARN_64_TO_32_BIT_CONVERSION = YES;
				GCC_WARN_ABOUT_RETURN_TYPE = YES_ERROR;
				GCC_WARN_UNDECLARED_SELECTOR = YES;
				GCC_WARN_UNINITIALIZED_AUTOS = YES_AGGRESSIVE;
				GCC_WARN_UNUSED_FUNCTION = YES;
				GCC_WARN_UNUSED_VARIABLE = YES;
				IPHONEOS_DEPLOYMENT_TARGET = 13.0;
				MTL_ENABLE_DEBUG_INFO = NO;
				MTL_FAST_MATH = YES;
				SDKROOT = iphoneos;
				SWIFT_COMPILATION_MODE = wholemodule;
				SWIFT_OPTIMIZATION_LEVEL = "-O";
				VALIDATE_PRODUCT = YES;
			};
			name = Release;
		};
		63945769250E9B8B00661244 /* Debug */ = {
			isa = XCBuildConfiguration;
			buildSettings = {
				ASSETCATALOG_COMPILER_APPICON_NAME = AppIcon;
				CODE_SIGN_STYLE = Automatic;
				DEVELOPMENT_TEAM = 3SJDCDMWVN;
				INFOPLIST_FILE = MeLiCarViewer/Info.plist;
				LD_RUNPATH_SEARCH_PATHS = (
					"$(inherited)",
					"@executable_path/Frameworks",
				);
				PRODUCT_BUNDLE_IDENTIFIER = com.lsrmarketingservice.MeLiCarViewer;
				PRODUCT_NAME = "$(TARGET_NAME)";
				SWIFT_VERSION = 5.0;
				TARGETED_DEVICE_FAMILY = "1,2";
			};
			name = Debug;
		};
		6394576A250E9B8B00661244 /* Release */ = {
			isa = XCBuildConfiguration;
			buildSettings = {
				ASSETCATALOG_COMPILER_APPICON_NAME = AppIcon;
				CODE_SIGN_STYLE = Automatic;
				DEVELOPMENT_TEAM = 3SJDCDMWVN;
				INFOPLIST_FILE = MeLiCarViewer/Info.plist;
				LD_RUNPATH_SEARCH_PATHS = (
					"$(inherited)",
					"@executable_path/Frameworks",
				);
				PRODUCT_BUNDLE_IDENTIFIER = com.lsrmarketingservice.MeLiCarViewer;
				PRODUCT_NAME = "$(TARGET_NAME)";
				SWIFT_VERSION = 5.0;
				TARGETED_DEVICE_FAMILY = "1,2";
			};
			name = Release;
		};
		6394576C250E9B8B00661244 /* Debug */ = {
			isa = XCBuildConfiguration;
			buildSettings = {
				ALWAYS_EMBED_SWIFT_STANDARD_LIBRARIES = YES;
				BUNDLE_LOADER = "$(TEST_HOST)";
				CODE_SIGN_STYLE = Automatic;
				DEVELOPMENT_TEAM = 3SJDCDMWVN;
				INFOPLIST_FILE = MeLiCarViewerTests/Info.plist;
				IPHONEOS_DEPLOYMENT_TARGET = 13.6;
				LD_RUNPATH_SEARCH_PATHS = (
					"$(inherited)",
					"@executable_path/Frameworks",
					"@loader_path/Frameworks",
				);
				PRODUCT_BUNDLE_IDENTIFIER = com.lsrmarketingservice.MeLiCarViewerTests;
				PRODUCT_NAME = "$(TARGET_NAME)";
				SWIFT_VERSION = 5.0;
				TARGETED_DEVICE_FAMILY = "1,2";
				TEST_HOST = "$(BUILT_PRODUCTS_DIR)/MeLiCarViewer.app/MeLiCarViewer";
			};
			name = Debug;
		};
		6394576D250E9B8B00661244 /* Release */ = {
			isa = XCBuildConfiguration;
			buildSettings = {
				ALWAYS_EMBED_SWIFT_STANDARD_LIBRARIES = YES;
				BUNDLE_LOADER = "$(TEST_HOST)";
				CODE_SIGN_STYLE = Automatic;
				DEVELOPMENT_TEAM = 3SJDCDMWVN;
				INFOPLIST_FILE = MeLiCarViewerTests/Info.plist;
				IPHONEOS_DEPLOYMENT_TARGET = 13.6;
				LD_RUNPATH_SEARCH_PATHS = (
					"$(inherited)",
					"@executable_path/Frameworks",
					"@loader_path/Frameworks",
				);
				PRODUCT_BUNDLE_IDENTIFIER = com.lsrmarketingservice.MeLiCarViewerTests;
				PRODUCT_NAME = "$(TARGET_NAME)";
				SWIFT_VERSION = 5.0;
				TARGETED_DEVICE_FAMILY = "1,2";
				TEST_HOST = "$(BUILT_PRODUCTS_DIR)/MeLiCarViewer.app/MeLiCarViewer";
			};
			name = Release;
		};
/* End XCBuildConfiguration section */

/* Begin XCConfigurationList section */
		63945744250E9B8800661244 /* Build configuration list for PBXProject "MeLiCarViewer" */ = {
			isa = XCConfigurationList;
			buildConfigurations = (
				63945766250E9B8B00661244 /* Debug */,
				63945767250E9B8B00661244 /* Release */,
			);
			defaultConfigurationIsVisible = 0;
			defaultConfigurationName = Release;
		};
		63945768250E9B8B00661244 /* Build configuration list for PBXNativeTarget "MeLiCarViewer" */ = {
			isa = XCConfigurationList;
			buildConfigurations = (
				63945769250E9B8B00661244 /* Debug */,
				6394576A250E9B8B00661244 /* Release */,
			);
			defaultConfigurationIsVisible = 0;
			defaultConfigurationName = Release;
		};
		6394576B250E9B8B00661244 /* Build configuration list for PBXNativeTarget "MeLiCarViewerTests" */ = {
			isa = XCConfigurationList;
			buildConfigurations = (
				6394576C250E9B8B00661244 /* Debug */,
				6394576D250E9B8B00661244 /* Release */,
			);
			defaultConfigurationIsVisible = 0;
			defaultConfigurationName = Release;
		};
/* End XCConfigurationList section */
	};
	rootObject = 63945741250E9B8800661244 /* Project object */;
}
